
Microsoft Visual Studio Solution File, Format Version 12.00
# Visual Studio 15
VisualStudioVersion = 15.0.26124.0
MinimumVisualStudioVersion = 15.0.26124.0
Project("{2150E333-8FDC-42A3-9474-1A3956D46DE8}") = "src", "src", "{958A1352-42D4-4997-8571-54BBF055F5AD}"
EndProject
Project("{FAE04EC0-301F-11D3-BF4B-00C04F79EFBC}") = "GradeBook", "src\GradeBook\GradeBook.csproj", "{696944B8-4890-4ECD-8306-A585787ECB93}"
EndProject
Project("{2150E333-8FDC-42A3-9474-1A3956D46DE8}") = "test", "test", "{646D1F45-FA97-4929-BD6B-2FA5A26CDDCB}"
EndProject
Project("{FAE04EC0-301F-11D3-BF4B-00C04F79EFBC}") = "GradeBook.Tests", "test\GradeBook.Tests\GradeBook.Tests.csproj", "{7F6D5951-E410-4410-88CA-5FDF12D727FA}"
EndProject
Global
	GlobalSection(SolutionConfigurationPlatforms) = preSolution
		Debug|Any CPU = Debug|Any CPU
		Debug|x64 = Debug|x64
		Debug|x86 = Debug|x86
		Release|Any CPU = Release|Any CPU
		Release|x64 = Release|x64
		Release|x86 = Release|x86
	EndGlobalSection
	GlobalSection(SolutionProperties) = preSolution
		HideSolutionNode = FALSE
	EndGlobalSection
	GlobalSection(ProjectConfigurationPlatforms) = postSolution
		{696944B8-4890-4ECD-8306-A585787ECB93}.Debug|Any CPU.ActiveCfg = Debug|Any CPU
		{696944B8-4890-4ECD-8306-A585787ECB93}.Debug|Any CPU.Build.0 = Debug|Any CPU
		{696944B8-4890-4ECD-8306-A585787ECB93}.Debug|x64.ActiveCfg = Debug|Any CPU
		{696944B8-4890-4ECD-8306-A585787ECB93}.Debug|x64.Build.0 = Debug|Any CPU
		{696944B8-4890-4ECD-8306-A585787ECB93}.Debug|x86.ActiveCfg = Debug|Any CPU
		{696944B8-4890-4ECD-8306-A585787ECB93}.Debug|x86.Build.0 = Debug|Any CPU
		{696944B8-4890-4ECD-8306-A585787ECB93}.Release|Any CPU.ActiveCfg = Release|Any CPU
		{696944B8-4890-4ECD-8306-A585787ECB93}.Release|Any CPU.Build.0 = Release|Any CPU
		{696944B8-4890-4ECD-8306-A585787ECB93}.Release|x64.ActiveCfg = Release|Any CPU
		{696944B8-4890-4ECD-8306-A585787ECB93}.Release|x64.Build.0 = Release|Any CPU
		{696944B8-4890-4ECD-8306-A585787ECB93}.Release|x86.ActiveCfg = Release|Any CPU
		{696944B8-4890-4ECD-8306-A585787ECB93}.Release|x86.Build.0 = Release|Any CPU
		{7F6D5951-E410-4410-88CA-5FDF12D727FA}.Debug|Any CPU.ActiveCfg = Debug|Any CPU
		{7F6D5951-E410-4410-88CA-5FDF12D727FA}.Debug|Any CPU.Build.0 = Debug|Any CPU
		{7F6D5951-E410-4410-88CA-5FDF12D727FA}.Debug|x64.ActiveCfg = Debug|Any CPU
		{7F6D5951-E410-4410-88CA-5FDF12D727FA}.Debug|x64.Build.0 = Debug|Any CPU
		{7F6D5951-E410-4410-88CA-5FDF12D727FA}.Debug|x86.ActiveCfg = Debug|Any CPU
		{7F6D5951-E410-4410-88CA-5FDF12D727FA}.Debug|x86.Build.0 = Debug|Any CPU
		{7F6D5951-E410-4410-88CA-5FDF12D727FA}.Release|Any CPU.ActiveCfg = Release|Any CPU
		{7F6D5951-E410-4410-88CA-5FDF12D727FA}.Release|Any CPU.Build.0 = Release|Any CPU
		{7F6D5951-E410-4410-88CA-5FDF12D727FA}.Release|x64.ActiveCfg = Release|Any CPU
		{7F6D5951-E410-4410-88CA-5FDF12D727FA}.Release|x64.Build.0 = Release|Any CPU
		{7F6D5951-E410-4410-88CA-5FDF12D727FA}.Release|x86.ActiveCfg = Release|Any CPU
		{7F6D5951-E410-4410-88CA-5FDF12D727FA}.Release|x86.Build.0 = Release|Any CPU
	EndGlobalSection
	GlobalSection(NestedProjects) = preSolution
		{696944B8-4890-4ECD-8306-A585787ECB93} = {958A1352-42D4-4997-8571-54BBF055F5AD}
		{7F6D5951-E410-4410-88CA-5FDF12D727FA} = {646D1F45-FA97-4929-BD6B-2FA5A26CDDCB}
	EndGlobalSection
EndGlobal
